
Microsoft Visual Studio Solution File, Format Version 12.00
Project("{FAE04EC0-301F-11D3-BF4B-00C04F79EFBC}") = "ApiGateway", "ApiGateway.csproj", "{FFE6307A-31B3-4BAF-B0EF-745B47A8D444}"
EndProject
Global
	GlobalSection(SolutionConfigurationPlatforms) = preSolution
		Debug|Any CPU = Debug|Any CPU
		Release|Any CPU = Release|Any CPU
	EndGlobalSection
	GlobalSection(ProjectConfigurationPlatforms) = postSolution
		{FFE6307A-31B3-4BAF-B0EF-745B47A8D444}.Debug|Any CPU.ActiveCfg = Debug|Any CPU
		{FFE6307A-31B3-4BAF-B0EF-745B47A8D444}.Debug|Any CPU.Build.0 = Debug|Any CPU
		{FFE6307A-31B3-4BAF-B0EF-745B47A8D444}.Release|Any CPU.ActiveCfg = Release|Any CPU
		{FFE6307A-31B3-4BAF-B0EF-745B47A8D444}.Release|Any CPU.Build.0 = Release|Any CPU
	EndGlobalSection
EndGlobal
